// !$*UTF8*$!
{
	archiveVersion = 1;
	classes = {
	};
	objectVersion = 55;
	objects = {

/* Begin PBXBuildFile section */
		67DACA0F2791581400814143 /* NFCMateApp.swift in Sources */ = {isa = PBXBuildFile; fileRef = 67DACA0E2791581400814143 /* NFCMateApp.swift */; };
		67DACA112791581400814143 /* ContentView.swift in Sources */ = {isa = PBXBuildFile; fileRef = 67DACA102791581400814143 /* ContentView.swift */; };
		67DACA132791581600814143 /* Assets.xcassets in Resources */ = {isa = PBXBuildFile; fileRef = 67DACA122791581600814143 /* Assets.xcassets */; };
		67DACA162791581600814143 /* Preview Assets.xcassets in Resources */ = {isa = PBXBuildFile; fileRef = 67DACA152791581600814143 /* Preview Assets.xcassets */; };
		67DACA202791581600814143 /* NFCMateTests.swift in Sources */ = {isa = PBXBuildFile; fileRef = 67DACA1F2791581600814143 /* NFCMateTests.swift */; };
		67DACA2A2791581600814143 /* NFCMateUITests.swift in Sources */ = {isa = PBXBuildFile; fileRef = 67DACA292791581600814143 /* NFCMateUITests.swift */; };
		67DACA2C2791581600814143 /* NFCMateUITestsLaunchTests.swift in Sources */ = {isa = PBXBuildFile; fileRef = 67DACA2B2791581600814143 /* NFCMateUITestsLaunchTests.swift */; };
/* End PBXBuildFile section */

/* Begin PBXContainerItemProxy section */
		67DACA1C2791581600814143 /* PBXContainerItemProxy */ = {
			isa = PBXContainerItemProxy;
			containerPortal = 67DACA032791581300814143 /* Project object */;
			proxyType = 1;
			remoteGlobalIDString = 67DACA0A2791581300814143;
			remoteInfo = NFCMate;
		};
		67DACA262791581600814143 /* PBXContainerItemProxy */ = {
			isa = PBXContainerItemProxy;
			containerPortal = 67DACA032791581300814143 /* Project object */;
			proxyType = 1;
			remoteGlobalIDString = 67DACA0A2791581300814143;
			remoteInfo = NFCMate;
		};
/* End PBXContainerItemProxy section */

/* Begin PBXFileReference section */
		67DACA0B2791581400814143 /* NFCMate.app */ = {isa = PBXFileReference; explicitFileType = wrapper.application; includeInIndex = 0; path = NFCMate.app; sourceTree = BUILT_PRODUCTS_DIR; };
		67DACA0E2791581400814143 /* NFCMateApp.swift */ = {isa = PBXFileReference; lastKnownFileType = sourcecode.swift; path = NFCMateApp.swift; sourceTree = "<group>"; };
		67DACA102791581400814143 /* ContentView.swift */ = {isa = PBXFileReference; lastKnownFileType = sourcecode.swift; path = ContentView.swift; sourceTree = "<group>"; };
		67DACA122791581600814143 /* Assets.xcassets */ = {isa = PBXFileReference; lastKnownFileType = folder.assetcatalog; path = Assets.xcassets; sourceTree = "<group>"; };
		67DACA152791581600814143 /* Preview Assets.xcassets */ = {isa = PBXFileReference; lastKnownFileType = folder.assetcatalog; path = "Preview Assets.xcassets"; sourceTree = "<group>"; };
		67DACA1B2791581600814143 /* NFCMateTests.xctest */ = {isa = PBXFileReference; explicitFileType = wrapper.cfbundle; includeInIndex = 0; path = NFCMateTests.xctest; sourceTree = BUILT_PRODUCTS_DIR; };
		67DACA1F2791581600814143 /* NFCMateTests.swift */ = {isa = PBXFileReference; lastKnownFileType = sourcecode.swift; path = NFCMateTests.swift; sourceTree = "<group>"; };
		67DACA252791581600814143 /* NFCMateUITests.xctest */ = {isa = PBXFileReference; explicitFileType = wrapper.cfbundle; includeInIndex = 0; path = NFCMateUITests.xctest; sourceTree = BUILT_PRODUCTS_DIR; };
		67DACA292791581600814143 /* NFCMateUITests.swift */ = {isa = PBXFileReference; lastKnownFileType = sourcecode.swift; path = NFCMateUITests.swift; sourceTree = "<group>"; };
		67DACA2B2791581600814143 /* NFCMateUITestsLaunchTests.swift */ = {isa = PBXFileReference; lastKnownFileType = sourcecode.swift; path = NFCMateUITestsLaunchTests.swift; sourceTree = "<group>"; };
		67DACA382791655600814143 /* NFCMate.entitlements */ = {isa = PBXFileReference; lastKnownFileType = text.plist.entitlements; path = NFCMate.entitlements; sourceTree = "<group>"; };
/* End PBXFileReference section */

/* Begin PBXFrameworksBuildPhase section */
		67DACA082791581300814143 /* Frameworks */ = {
			isa = PBXFrameworksBuildPhase;
			buildActionMask = 2147483647;
			files = (
			);
			runOnlyForDeploymentPostprocessing = 0;
		};
		67DACA182791581600814143 /* Frameworks */ = {
			isa = PBXFrameworksBuildPhase;
			buildActionMask = 2147483647;
			files = (
			);
			runOnlyForDeploymentPostprocessing = 0;
		};
		67DACA222791581600814143 /* Frameworks */ = {
			isa = PBXFrameworksBuildPhase;
			buildActionMask = 2147483647;
			files = (
			);
			runOnlyForDeploymentPostprocessing = 0;
		};
/* End PBXFrameworksBuildPhase section */

/* Begin PBXGroup section */
		67DACA022791581300814143 = {
			isa = PBXGroup;
			children = (
				67DACA0D2791581400814143 /* NFCMate */,
				67DACA1E2791581600814143 /* NFCMateTests */,
				67DACA282791581600814143 /* NFCMateUITests */,
				67DACA0C2791581400814143 /* Products */,
			);
			sourceTree = "<group>";
		};
		67DACA0C2791581400814143 /* Products */ = {
			isa = PBXGroup;
			children = (
				67DACA0B2791581400814143 /* NFCMate.app */,
				67DACA1B2791581600814143 /* NFCMateTests.xctest */,
				67DACA252791581600814143 /* NFCMateUITests.xctest */,
			);
			name = Products;
			sourceTree = "<group>";
		};
		67DACA0D2791581400814143 /* NFCMate */ = {
			isa = PBXGroup;
			children = (
				67DACA382791655600814143 /* NFCMate.entitlements */,
				67DACA0E2791581400814143 /* NFCMateApp.swift */,
				67DACA102791581400814143 /* ContentView.swift */,
				67DACA122791581600814143 /* Assets.xcassets */,
				67DACA142791581600814143 /* Preview Content */,
			);
			path = NFCMate;
			sourceTree = "<group>";
		};
		67DACA142791581600814143 /* Preview Content */ = {
			isa = PBXGroup;
			children = (
				67DACA152791581600814143 /* Preview Assets.xcassets */,
			);
			path = "Preview Content";
			sourceTree = "<group>";
		};
		67DACA1E2791581600814143 /* NFCMateTests */ = {
			isa = PBXGroup;
			children = (
				67DACA1F2791581600814143 /* NFCMateTests.swift */,
			);
			path = NFCMateTests;
			sourceTree = "<group>";
		};
		67DACA282791581600814143 /* NFCMateUITests */ = {
			isa = PBXGroup;
			children = (
				67DACA292791581600814143 /* NFCMateUITests.swift */,
				67DACA2B2791581600814143 /* NFCMateUITestsLaunchTests.swift */,
			);
			path = NFCMateUITests;
			sourceTree = "<group>";
		};
/* End PBXGroup section */

/* Begin PBXNativeTarget section */
		67DACA0A2791581300814143 /* NFCMate */ = {
			isa = PBXNativeTarget;
			buildConfigurationList = 67DACA2F2791581600814143 /* Build configuration list for PBXNativeTarget "NFCMate" */;
			buildPhases = (
				67DACA072791581300814143 /* Sources */,
				67DACA082791581300814143 /* Frameworks */,
				67DACA092791581300814143 /* Resources */,
			);
			buildRules = (
			);
			dependencies = (
			);
			name = NFCMate;
			productName = NFCMate;
			productReference = 67DACA0B2791581400814143 /* NFCMate.app */;
			productType = "com.apple.product-type.application";
		};
		67DACA1A2791581600814143 /* NFCMateTests */ = {
			isa = PBXNativeTarget;
			buildConfigurationList = 67DACA322791581600814143 /* Build configuration list for PBXNativeTarget "NFCMateTests" */;
			buildPhases = (
				67DACA172791581600814143 /* Sources */,
				67DACA182791581600814143 /* Frameworks */,
				67DACA192791581600814143 /* Resources */,
			);
			buildRules = (
			);
			dependencies = (
				67DACA1D2791581600814143 /* PBXTargetDependency */,
			);
			name = NFCMateTests;
			productName = NFCMateTests;
			productReference = 67DACA1B2791581600814143 /* NFCMateTests.xctest */;
			productType = "com.apple.product-type.bundle.unit-test";
		};
		67DACA242791581600814143 /* NFCMateUITests */ = {
			isa = PBXNativeTarget;
			buildConfigurationList = 67DACA352791581600814143 /* Build configuration list for PBXNativeTarget "NFCMateUITests" */;
			buildPhases = (
				67DACA212791581600814143 /* Sources */,
				67DACA222791581600814143 /* Frameworks */,
				67DACA232791581600814143 /* Resources */,
			);
			buildRules = (
			);
			dependencies = (
				67DACA272791581600814143 /* PBXTargetDependency */,
			);
			name = NFCMateUITests;
			productName = NFCMateUITests;
			productReference = 67DACA252791581600814143 /* NFCMateUITests.xctest */;
			productType = "com.apple.product-type.bundle.ui-testing";
		};
/* End PBXNativeTarget section */

/* Begin PBXProject section */
		67DACA032791581300814143 /* Project object */ = {
			isa = PBXProject;
			attributes = {
				BuildIndependentTargetsInParallel = 1;
				LastSwiftUpdateCheck = 1310;
				LastUpgradeCheck = 1310;
				TargetAttributes = {
					67DACA0A2791581300814143 = {
						CreatedOnToolsVersion = 13.1;
					};
					67DACA1A2791581600814143 = {
						CreatedOnToolsVersion = 13.1;
						TestTargetID = 67DACA0A2791581300814143;
					};
					67DACA242791581600814143 = {
						CreatedOnToolsVersion = 13.1;
						TestTargetID = 67DACA0A2791581300814143;
					};
				};
			};
			buildConfigurationList = 67DACA062791581300814143 /* Build configuration list for PBXProject "NFCMate" */;
			compatibilityVersion = "Xcode 13.0";
			developmentRegion = en;
			hasScannedForEncodings = 0;
			knownRegions = (
				en,
				Base,
			);
			mainGroup = 67DACA022791581300814143;
			productRefGroup = 67DACA0C2791581400814143 /* Products */;
			projectDirPath = "";
			projectRoot = "";
			targets = (
				67DACA0A2791581300814143 /* NFCMate */,
				67DACA1A2791581600814143 /* NFCMateTests */,
				67DACA242791581600814143 /* NFCMateUITests */,
			);
		};
/* End PBXProject section */

/* Begin PBXResourcesBuildPhase section */
		67DACA092791581300814143 /* Resources */ = {
			isa = PBXResourcesBuildPhase;
			buildActionMask = 2147483647;
			files = (
				67DACA162791581600814143 /* Preview Assets.xcassets in Resources */,
				67DACA132791581600814143 /* Assets.xcassets in Resources */,
			);
			runOnlyForDeploymentPostprocessing = 0;
		};
		67DACA192791581600814143 /* Resources */ = {
			isa = PBXResourcesBuildPhase;
			buildActionMask = 2147483647;
			files = (
			);
			runOnlyForDeploymentPostprocessing = 0;
		};
		67DACA232791581600814143 /* Resources */ = {
			isa = PBXResourcesBuildPhase;
			buildActionMask = 2147483647;
			files = (
			);
			runOnlyForDeploymentPostprocessing = 0;
		};
/* End PBXResourcesBuildPhase section */

/* Begin PBXSourcesBuildPhase section */
		67DACA072791581300814143 /* Sources */ = {
			isa = PBXSourcesBuildPhase;
			buildActionMask = 2147483647;
			files = (
				67DACA112791581400814143 /* ContentView.swift in Sources */,
				67DACA0F2791581400814143 /* NFCMateApp.swift in Sources */,
			);
			runOnlyForDeploymentPostprocessing = 0;
		};
		67DACA172791581600814143 /* Sources */ = {
			isa = PBXSourcesBuildPhase;
			buildActionMask = 2147483647;
			files = (
				67DACA202791581600814143 /* NFCMateTests.swift in Sources */,
			);
			runOnlyForDeploymentPostprocessing = 0;
		};
		67DACA212791581600814143 /* Sources */ = {
			isa = PBXSourcesBuildPhase;
			buildActionMask = 2147483647;
			files = (
				67DACA2A2791581600814143 /* NFCMateUITests.swift in Sources */,
				67DACA2C2791581600814143 /* NFCMateUITestsLaunchTests.swift in Sources */,
			);
			runOnlyForDeploymentPostprocessing = 0;
		};
/* End PBXSourcesBuildPhase section */

/* Begin PBXTargetDependency section */
		67DACA1D2791581600814143 /* PBXTargetDependency */ = {
			isa = PBXTargetDependency;
			target = 67DACA0A2791581300814143 /* NFCMate */;
			targetProxy = 67DACA1C2791581600814143 /* PBXContainerItemProxy */;
		};
		67DACA272791581600814143 /* PBXTargetDependency */ = {
			isa = PBXTargetDependency;
			target = 67DACA0A2791581300814143 /* NFCMate */;
			targetProxy = 67DACA262791581600814143 /* PBXContainerItemProxy */;
		};
/* End PBXTargetDependency section */

/* Begin XCBuildConfiguration section */
		67DACA2D2791581600814143 /* Debug */ = {
			isa = XCBuildConfiguration;
			buildSettings = {
				ALWAYS_SEARCH_USER_PATHS = NO;
				CLANG_ANALYZER_NONNULL = YES;
				CLANG_ANALYZER_NUMBER_OBJECT_CONVERSION = YES_AGGRESSIVE;
				CLANG_CXX_LANGUAGE_STANDARD = "gnu++17";
				CLANG_CXX_LIBRARY = "libc++";
				CLANG_ENABLE_MODULES = YES;
				CLANG_ENABLE_OBJC_ARC = YES;
				CLANG_ENABLE_OBJC_WEAK = YES;
				CLANG_WARN_BLOCK_CAPTURE_AUTORELEASING = YES;
				CLANG_WARN_BOOL_CONVERSION = YES;
				CLANG_WARN_COMMA = YES;
				CLANG_WARN_CONSTANT_CONVERSION = YES;
				CLANG_WARN_DEPRECATED_OBJC_IMPLEMENTATIONS = YES;
				CLANG_WARN_DIRECT_OBJC_ISA_USAGE = YES_ERROR;
				CLANG_WARN_DOCUMENTATION_COMMENTS = YES;
				CLANG_WARN_EMPTY_BODY = YES;
				CLANG_WARN_ENUM_CONVERSION = YES;
				CLANG_WARN_INFINITE_RECURSION = YES;
				CLANG_WARN_INT_CONVERSION = YES;
				CLANG_WARN_NON_LITERAL_NULL_CONVERSION = YES;
				CLANG_WARN_OBJC_IMPLICIT_RETAIN_SELF = YES;
				CLANG_WARN_OBJC_LITERAL_CONVERSION = YES;
				CLANG_WARN_OBJC_ROOT_CLASS = YES_ERROR;
				CLANG_WARN_QUOTED_INCLUDE_IN_FRAMEWORK_HEADER = YES;
				CLANG_WARN_RANGE_LOOP_ANALYSIS = YES;
				CLANG_WARN_STRICT_PROTOTYPES = YES;
				CLANG_WARN_SUSPICIOUS_MOVE = YES;
				CLANG_WARN_UNGUARDED_AVAILABILITY = YES_AGGRESSIVE;
				CLANG_WARN_UNREACHABLE_CODE = YES;
				CLANG_WARN__DUPLICATE_METHOD_MATCH = YES;
				COPY_PHASE_STRIP = NO;
				DEBUG_INFORMATION_FORMAT = dwarf;
				ENABLE_STRICT_OBJC_MSGSEND = YES;
				ENABLE_TESTABILITY = YES;
				GCC_C_LANGUAGE_STANDARD = gnu11;
				GCC_DYNAMIC_NO_PIC = NO;
				GCC_NO_COMMON_BLOCKS = YES;
				GCC_OPTIMIZATION_LEVEL = 0;
				GCC_PREPROCESSOR_DEFINITIONS = (
					"DEBUG=1",
					"$(inherited)",
				);
				GCC_WARN_64_TO_32_BIT_CONVERSION = YES;
				GCC_WARN_ABOUT_RETURN_TYPE = YES_ERROR;
				GCC_WARN_UNDECLARED_SELECTOR = YES;
				GCC_WARN_UNINITIALIZED_AUTOS = YES_AGGRESSIVE;
				GCC_WARN_UNUSED_FUNCTION = YES;
				GCC_WARN_UNUSED_VARIABLE = YES;
				IPHONEOS_DEPLOYMENT_TARGET = 15.0;
				MTL_ENABLE_DEBUG_INFO = INCLUDE_SOURCE;
				MTL_FAST_MATH = YES;
				ONLY_ACTIVE_ARCH = YES;
				SDKROOT = iphoneos;
				SWIFT_ACTIVE_COMPILATION_CONDITIONS = DEBUG;
				SWIFT_OPTIMIZATION_LEVEL = "-Onone";
			};
			name = Debug;
		};
		67DACA2E2791581600814143 /* Release */ = {
			isa = XCBuildConfiguration;
			buildSettings = {
				ALWAYS_SEARCH_USER_PATHS = NO;
				CLANG_ANALYZER_NONNULL = YES;
				CLANG_ANALYZER_NUMBER_OBJECT_CONVERSION = YES_AGGRESSIVE;
				CLANG_CXX_LANGUAGE_STANDARD = "gnu++17";
				CLANG_CXX_LIBRARY = "libc++";
				CLANG_ENABLE_MODULES = YES;
				CLANG_ENABLE_OBJC_ARC = YES;
				CLANG_ENABLE_OBJC_WEAK = YES;
				CLANG_WARN_BLOCK_CAPTURE_AUTORELEASING = YES;
				CLANG_WARN_BOOL_CONVERSION = YES;
				CLANG_WARN_COMMA = YES;
				CLANG_WARN_CONSTANT_CONVERSION = YES;
				CLANG_WARN_DEPRECATED_OBJC_IMPLEMENTATIONS = YES;
				CLANG_WARN_DIRECT_OBJC_ISA_USAGE = YES_ERROR;
				CLANG_WARN_DOCUMENTATION_COMMENTS = YES;
				CLANG_WARN_EMPTY_BODY = YES;
				CLANG_WARN_ENUM_CONVERSION = YES;
				CLANG_WARN_INFINITE_RECURSION = YES;
				CLANG_WARN_INT_CONVERSION = YES;
				CLANG_WARN_NON_LITERAL_NULL_CONVERSION = YES;
				CLANG_WARN_OBJC_IMPLICIT_RETAIN_SELF = YES;
				CLANG_WARN_OBJC_LITERAL_CONVERSION = YES;
				CLANG_WARN_OBJC_ROOT_CLASS = YES_ERROR;
				CLANG_WARN_QUOTED_INCLUDE_IN_FRAMEWORK_HEADER = YES;
				CLANG_WARN_RANGE_LOOP_ANALYSIS = YES;
				CLANG_WARN_STRICT_PROTOTYPES = YES;
				CLANG_WARN_SUSPICIOUS_MOVE = YES;
				CLANG_WARN_UNGUARDED_AVAILABILITY = YES_AGGRESSIVE;
				CLANG_WARN_UNREACHABLE_CODE = YES;
				CLANG_WARN__DUPLICATE_METHOD_MATCH = YES;
				COPY_PHASE_STRIP = NO;
				DEBUG_INFORMATION_FORMAT = "dwarf-with-dsym";
				ENABLE_NS_ASSERTIONS = NO;
				ENABLE_STRICT_OBJC_MSGSEND = YES;
				GCC_C_LANGUAGE_STANDARD = gnu11;
				GCC_NO_COMMON_BLOCKS = YES;
				GCC_WARN_64_TO_32_BIT_CONVERSION = YES;
				GCC_WARN_ABOUT_RETURN_TYPE = YES_ERROR;
				GCC_WARN_UNDECLARED_SELECTOR = YES;
				GCC_WARN_UNINITIALIZED_AUTOS = YES_AGGRESSIVE;
				GCC_WARN_UNUSED_FUNCTION = YES;
				GCC_WARN_UNUSED_VARIABLE = YES;
				IPHONEOS_DEPLOYMENT_TARGET = 15.0;
				MTL_ENABLE_DEBUG_INFO = NO;
				MTL_FAST_MATH = YES;
				SDKROOT = iphoneos;
				SWIFT_COMPILATION_MODE = wholemodule;
				SWIFT_OPTIMIZATION_LEVEL = "-O";
				VALIDATE_PRODUCT = YES;
			};
			name = Release;
		};
		67DACA302791581600814143 /* Debug */ = {
			isa = XCBuildConfiguration;
			buildSettings = {
				ASSETCATALOG_COMPILER_APPICON_NAME = AppIcon;
				ASSETCATALOG_COMPILER_GLOBAL_ACCENT_COLOR_NAME = AccentColor;
				CODE_SIGN_ENTITLEMENTS = NFCMate/NFCMate.entitlements;
				CODE_SIGN_STYLE = Automatic;
				CURRENT_PROJECT_VERSION = 1;
				DEVELOPMENT_ASSET_PATHS = "\"NFCMate/Preview Content\"";
				DEVELOPMENT_TEAM = RB6SW5787U;
				ENABLE_PREVIEWS = YES;
				GENERATE_INFOPLIST_FILE = YES;
				INFOPLIST_KEY_NFCReaderUsageDescription = "This allows the app to help you write data into your NFC tags.";
				INFOPLIST_KEY_UIApplicationSceneManifest_Generation = YES;
				INFOPLIST_KEY_UIApplicationSupportsIndirectInputEvents = YES;
				INFOPLIST_KEY_UILaunchScreen_Generation = YES;
				INFOPLIST_KEY_UISupportedInterfaceOrientations_iPad = "UIInterfaceOrientationPortrait UIInterfaceOrientationPortraitUpsideDown UIInterfaceOrientationLandscapeLeft UIInterfaceOrientationLandscapeRight";
				INFOPLIST_KEY_UISupportedInterfaceOrientations_iPhone = "UIInterfaceOrientationPortrait UIInterfaceOrientationLandscapeLeft UIInterfaceOrientationLandscapeRight";
				LD_RUNPATH_SEARCH_PATHS = (
					"$(inherited)",
					"@executable_path/Frameworks",
				);
				MARKETING_VERSION = 1.0;
				PRODUCT_BUNDLE_IDENTIFIER = com.twentyone24.build.NFCMate;
				PRODUCT_NAME = "$(TARGET_NAME)";
				SWIFT_EMIT_LOC_STRINGS = YES;
				SWIFT_VERSION = 5.0;
				TARGETED_DEVICE_FAMILY = "1,2";
			};
			name = Debug;
		};
		67DACA312791581600814143 /* Release */ = {
			isa = XCBuildConfiguration;
			buildSettings = {
				ASSETCATALOG_COMPILER_APPICON_NAME = AppIcon;
				ASSETCATALOG_COMPILER_GLOBAL_ACCENT_COLOR_NAME = AccentColor;
				CODE_SIGN_ENTITLEMENTS = NFCMate/NFCMate.entitlements;
				CODE_SIGN_STYLE = Automatic;
				CURRENT_PROJECT_VERSION = 1;
				DEVELOPMENT_ASSET_PATHS = "\"NFCMate/Preview Content\"";
				DEVELOPMENT_TEAM = RB6SW5787U;
				ENABLE_PREVIEWS = YES;
				GENERATE_INFOPLIST_FILE = YES;
				INFOPLIST_KEY_NFCReaderUsageDescription = "This allows the app to help you write data into your NFC tags.";
				INFOPLIST_KEY_UIApplicationSceneManifest_Generation = YES;
				INFOPLIST_KEY_UIApplicationSupportsIndirectInputEvents = YES;
				INFOPLIST_KEY_UILaunchScreen_Generation = YES;
				INFOPLIST_KEY_UISupportedInterfaceOrientations_iPad = "UIInterfaceOrientationPortrait UIInterfaceOrientationPortraitUpsideDown UIInterfaceOrientationLandscapeLeft UIInterfaceOrientationLandscapeRight";
				INFOPLIST_KEY_UISupportedInterfaceOrientations_iPhone = "UIInterfaceOrientationPortrait UIInterfaceOrientationLandscapeLeft UIInterfaceOrientationLandscapeRight";
				LD_RUNPATH_SEARCH_PATHS = (
					"$(inherited)",
					"@executable_path/Frameworks",
				);
				MARKETING_VERSION = 1.0;
				PRODUCT_BUNDLE_IDENTIFIER = com.twentyone24.build.NFCMate;
				PRODUCT_NAME = "$(TARGET_NAME)";
				SWIFT_EMIT_LOC_STRINGS = YES;
				SWIFT_VERSION = 5.0;
				TARGETED_DEVICE_FAMILY = "1,2";
			};
			name = Release;
		};
		67DACA332791581600814143 /* Debug */ = {
			isa = XCBuildConfiguration;
			buildSettings = {
				ALWAYS_EMBED_SWIFT_STANDARD_LIBRARIES = YES;
				BUNDLE_LOADER = "$(TEST_HOST)";
				CODE_SIGN_STYLE = Automatic;
				CURRENT_PROJECT_VERSION = 1;
				DEVELOPMENT_TEAM = F59A6ZU5Y6;
				GENERATE_INFOPLIST_FILE = YES;
				IPHONEOS_DEPLOYMENT_TARGET = 15.0;
				LD_RUNPATH_SEARCH_PATHS = (
					"$(inherited)",
					"@executable_path/Frameworks",
					"@loader_path/Frameworks",
				);
				MARKETING_VERSION = 1.0;
				PRODUCT_BUNDLE_IDENTIFIER = com.twentyone24.NFCMateTests;
				PRODUCT_NAME = "$(TARGET_NAME)";
				SWIFT_EMIT_LOC_STRINGS = NO;
				SWIFT_VERSION = 5.0;
				TARGETED_DEVICE_FAMILY = "1,2";
				TEST_HOST = "$(BUILT_PRODUCTS_DIR)/NFCMate.app/NFCMate";
			};
			name = Debug;
		};
		67DACA342791581600814143 /* Release */ = {
			isa = XCBuildConfiguration;
			buildSettings = {
				ALWAYS_EMBED_SWIFT_STANDARD_LIBRARIES = YES;
				BUNDLE_LOADER = "$(TEST_HOST)";
				CODE_SIGN_STYLE = Automatic;
				CURRENT_PROJECT_VERSION = 1;
				DEVELOPMENT_TEAM = F59A6ZU5Y6;
				GENERATE_INFOPLIST_FILE = YES;
				IPHONEOS_DEPLOYMENT_TARGET = 15.0;
				LD_RUNPATH_SEARCH_PATHS = (
					"$(inherited)",
					"@executable_path/Frameworks",
					"@loader_path/Frameworks",
				);
				MARKETING_VERSION = 1.0;
				PRODUCT_BUNDLE_IDENTIFIER = com.twentyone24.NFCMateTests;
				PRODUCT_NAME = "$(TARGET_NAME)";
				SWIFT_EMIT_LOC_STRINGS = NO;
				SWIFT_VERSION = 5.0;
				TARGETED_DEVICE_FAMILY = "1,2";
				TEST_HOST = "$(BUILT_PRODUCTS_DIR)/NFCMate.app/NFCMate";
			};
			name = Release;
		};
		67DACA362791581600814143 /* Debug */ = {
			isa = XCBuildConfiguration;
			buildSettings = {
				ALWAYS_EMBED_SWIFT_STANDARD_LIBRARIES = YES;
				CODE_SIGN_STYLE = Automatic;
				CURRENT_PROJECT_VERSION = 1;
				DEVELOPMENT_TEAM = F59A6ZU5Y6;
				GENERATE_INFOPLIST_FILE = YES;
				LD_RUNPATH_SEARCH_PATHS = (
					"$(inherited)",
					"@executable_path/Frameworks",
					"@loader_path/Frameworks",
				);
				MARKETING_VERSION = 1.0;
				PRODUCT_BUNDLE_IDENTIFIER = com.twentyone24.NFCMateUITests;
				PRODUCT_NAME = "$(TARGET_NAME)";
				SWIFT_EMIT_LOC_STRINGS = NO;
				SWIFT_VERSION = 5.0;
				TARGETED_DEVICE_FAMILY = "1,2";
				TEST_TARGET_NAME = NFCMate;
			};
			name = Debug;
		};
		67DACA372791581600814143 /* Release */ = {
			isa = XCBuildConfiguration;
			buildSettings = {
				ALWAYS_EMBED_SWIFT_STANDARD_LIBRARIES = YES;
				CODE_SIGN_STYLE = Automatic;
				CURRENT_PROJECT_VERSION = 1;
				DEVELOPMENT_TEAM = F59A6ZU5Y6;
				GENERATE_INFOPLIST_FILE = YES;
				LD_RUNPATH_SEARCH_PATHS = (
					"$(inherited)",
					"@executable_path/Frameworks",
					"@loader_path/Frameworks",
				);
				MARKETING_VERSION = 1.0;
				PRODUCT_BUNDLE_IDENTIFIER = com.twentyone24.NFCMateUITests;
				PRODUCT_NAME = "$(TARGET_NAME)";
				SWIFT_EMIT_LOC_STRINGS = NO;
				SWIFT_VERSION = 5.0;
				TARGETED_DEVICE_FAMILY = "1,2";
				TEST_TARGET_NAME = NFCMate;
			};
			name = Release;
		};
/* End XCBuildConfiguration section */

/* Begin XCConfigurationList section */
		67DACA062791581300814143 /* Build configuration list for PBXProject "NFCMate" */ = {
			isa = XCConfigurationList;
			buildConfigurations = (
				67DACA2D2791581600814143 /* Debug */,
				67DACA2E2791581600814143 /* Release */,
			);
			defaultConfigurationIsVisible = 0;
			defaultConfigurationName = Release;
		};
		67DACA2F2791581600814143 /* Build configuration list for PBXNativeTarget "NFCMate" */ = {
			isa = XCConfigurationList;
			buildConfigurations = (
				67DACA302791581600814143 /* Debug */,
				67DACA312791581600814143 /* Release */,
			);
			defaultConfigurationIsVisible = 0;
			defaultConfigurationName = Release;
		};
		67DACA322791581600814143 /* Build configuration list for PBXNativeTarget "NFCMateTests" */ = {
			isa = XCConfigurationList;
			buildConfigurations = (
				67DACA332791581600814143 /* Debug */,
				67DACA342791581600814143 /* Release */,
			);
			defaultConfigurationIsVisible = 0;
			defaultConfigurationName = Release;
		};
		67DACA352791581600814143 /* Build configuration list for PBXNativeTarget "NFCMateUITests" */ = {
			isa = XCConfigurationList;
			buildConfigurations = (
				67DACA362791581600814143 /* Debug */,
				67DACA372791581600814143 /* Release */,
			);
			defaultConfigurationIsVisible = 0;
			defaultConfigurationName = Release;
		};
/* End XCConfigurationList section */
	};
	rootObject = 67DACA032791581300814143 /* Project object */;
}
